// !$*UTF8*$!
{
	archiveVersion = 1;
	classes = {
	};
	objectVersion = 56;
	objects = {

/* Begin PBXBuildFile section */
		FA1C65B82C2B436B0096350E /* CoolAnimationsApp.swift in Sources */ = {isa = PBXBuildFile; fileRef = FA1C65B72C2B436B0096350E /* CoolAnimationsApp.swift */; };
		FA1C65BC2C2B436D0096350E /* Assets.xcassets in Resources */ = {isa = PBXBuildFile; fileRef = FA1C65BB2C2B436D0096350E /* Assets.xcassets */; };
		FA1C65BF2C2B436D0096350E /* Preview Assets.xcassets in Resources */ = {isa = PBXBuildFile; fileRef = FA1C65BE2C2B436D0096350E /* Preview Assets.xcassets */; };
		FA1C65C72C2B44010096350E /* GeometryReaderPractice.swift in Sources */ = {isa = PBXBuildFile; fileRef = FA1C65C62C2B44010096350E /* GeometryReaderPractice.swift */; };
		FA1C65CB2C2C27050096350E /* MaskPractice.swift in Sources */ = {isa = PBXBuildFile; fileRef = FA1C65CA2C2C27050096350E /* MaskPractice.swift */; };
/* End PBXBuildFile section */

/* Begin PBXFileReference section */
		FA1C65B42C2B436B0096350E /* CoolAnimationsSwiftUI.app */ = {isa = PBXFileReference; explicitFileType = wrapper.application; includeInIndex = 0; path = CoolAnimationsSwiftUI.app; sourceTree = BUILT_PRODUCTS_DIR; };
		FA1C65B72C2B436B0096350E /* CoolAnimationsApp.swift */ = {isa = PBXFileReference; lastKnownFileType = sourcecode.swift; path = CoolAnimationsApp.swift; sourceTree = "<group>"; };
		FA1C65BB2C2B436D0096350E /* Assets.xcassets */ = {isa = PBXFileReference; lastKnownFileType = folder.assetcatalog; path = Assets.xcassets; sourceTree = "<group>"; };
		FA1C65BE2C2B436D0096350E /* Preview Assets.xcassets */ = {isa = PBXFileReference; lastKnownFileType = folder.assetcatalog; path = "Preview Assets.xcassets"; sourceTree = "<group>"; };
		FA1C65C62C2B44010096350E /* GeometryReaderPractice.swift */ = {isa = PBXFileReference; fileEncoding = 4; lastKnownFileType = sourcecode.swift; path = GeometryReaderPractice.swift; sourceTree = "<group>"; };
		FA1C65CA2C2C27050096350E /* MaskPractice.swift */ = {isa = PBXFileReference; lastKnownFileType = sourcecode.swift; path = MaskPractice.swift; sourceTree = "<group>"; };
/* End PBXFileReference section */

/* Begin PBXFrameworksBuildPhase section */
		FA1C65B12C2B436B0096350E /* Frameworks */ = {
			isa = PBXFrameworksBuildPhase;
			buildActionMask = 2147483647;
			files = (
			);
			runOnlyForDeploymentPostprocessing = 0;
		};
/* End PBXFrameworksBuildPhase section */

/* Begin PBXGroup section */
		FA1C65AB2C2B436A0096350E = {
			isa = PBXGroup;
			children = (
				FA1C65B62C2B436B0096350E /* CoolAnimationsSwiftUI */,
				FA1C65B52C2B436B0096350E /* Products */,
			);
			sourceTree = "<group>";
		};
		FA1C65B52C2B436B0096350E /* Products */ = {
			isa = PBXGroup;
			children = (
				FA1C65B42C2B436B0096350E /* CoolAnimationsSwiftUI.app */,
			);
			name = Products;
			sourceTree = "<group>";
		};
		FA1C65B62C2B436B0096350E /* CoolAnimationsSwiftUI */ = {
			isa = PBXGroup;
			children = (
				FA1C65C92C2C25E00096350E /* Mask */,
				FA1C65C52C2B43C20096350E /* GeometryReader */,
				FA1C65BB2C2B436D0096350E /* Assets.xcassets */,
				FA1C65BD2C2B436D0096350E /* Preview Content */,
				FA1C65C82C2B45970096350E /* Main */,
			);
			path = CoolAnimationsSwiftUI;
			sourceTree = "<group>";
		};
		FA1C65BD2C2B436D0096350E /* Preview Content */ = {
			isa = PBXGroup;
			children = (
				FA1C65BE2C2B436D0096350E /* Preview Assets.xcassets */,
			);
			path = "Preview Content";
			sourceTree = "<group>";
		};
		FA1C65C52C2B43C20096350E /* GeometryReader */ = {
			isa = PBXGroup;
			children = (
				FA1C65C62C2B44010096350E /* GeometryReaderPractice.swift */,
			);
			path = GeometryReader;
			sourceTree = "<group>";
		};
		FA1C65C82C2B45970096350E /* Main */ = {
			isa = PBXGroup;
			children = (
				FA1C65B72C2B436B0096350E /* CoolAnimationsApp.swift */,
			);
			path = Main;
			sourceTree = "<group>";
		};
		FA1C65C92C2C25E00096350E /* Mask */ = {
			isa = PBXGroup;
			children = (
				FA1C65CA2C2C27050096350E /* MaskPractice.swift */,
			);
			path = Mask;
			sourceTree = "<group>";
		};
/* End PBXGroup section */

/* Begin PBXNativeTarget section */
		FA1C65B32C2B436B0096350E /* CoolAnimationsSwiftUI */ = {
			isa = PBXNativeTarget;
			buildConfigurationList = FA1C65C22C2B436D0096350E /* Build configuration list for PBXNativeTarget "CoolAnimationsSwiftUI" */;
			buildPhases = (
				FA1C65B02C2B436B0096350E /* Sources */,
				FA1C65B12C2B436B0096350E /* Frameworks */,
				FA1C65B22C2B436B0096350E /* Resources */,
			);
			buildRules = (
			);
			dependencies = (
			);
			name = CoolAnimationsSwiftUI;
			productName = CoolAnimations;
			productReference = FA1C65B42C2B436B0096350E /* CoolAnimationsSwiftUI.app */;
			productType = "com.apple.product-type.application";
		};
/* End PBXNativeTarget section */

/* Begin PBXProject section */
		FA1C65AC2C2B436A0096350E /* Project object */ = {
			isa = PBXProject;
			attributes = {
				BuildIndependentTargetsInParallel = 1;
				LastSwiftUpdateCheck = 1420;
				LastUpgradeCheck = 1420;
				TargetAttributes = {
					FA1C65B32C2B436B0096350E = {
						CreatedOnToolsVersion = 14.2;
					};
				};
			};
			buildConfigurationList = FA1C65AF2C2B436A0096350E /* Build configuration list for PBXProject "CoolAnimationsSwiftUI" */;
			compatibilityVersion = "Xcode 14.0";
			developmentRegion = en;
			hasScannedForEncodings = 0;
			knownRegions = (
				en,
				Base,
			);
			mainGroup = FA1C65AB2C2B436A0096350E;
			productRefGroup = FA1C65B52C2B436B0096350E /* Products */;
			projectDirPath = "";
			projectRoot = "";
			targets = (
				FA1C65B32C2B436B0096350E /* CoolAnimationsSwiftUI */,
			);
		};
/* End PBXProject section */

/* Begin PBXResourcesBuildPhase section */
		FA1C65B22C2B436B0096350E /* Resources */ = {
			isa = PBXResourcesBuildPhase;
			buildActionMask = 2147483647;
			files = (
				FA1C65BF2C2B436D0096350E /* Preview Assets.xcassets in Resources */,
				FA1C65BC2C2B436D0096350E /* Assets.xcassets in Resources */,
			);
			runOnlyForDeploymentPostprocessing = 0;
		};
/* End PBXResourcesBuildPhase section */

/* Begin PBXSourcesBuildPhase section */
		FA1C65B02C2B436B0096350E /* Sources */ = {
			isa = PBXSourcesBuildPhase;
			buildActionMask = 2147483647;
			files = (
				FA1C65B82C2B436B0096350E /* CoolAnimationsApp.swift in Sources */,
				FA1C65C72C2B44010096350E /* GeometryReaderPractice.swift in Sources */,
				FA1C65CB2C2C27050096350E /* MaskPractice.swift in Sources */,
			);
			runOnlyForDeploymentPostprocessing = 0;
		};
/* End PBXSourcesBuildPhase section */

/* Begin XCBuildConfiguration section */
		FA1C65C02C2B436D0096350E /* Debug */ = {
			isa = XCBuildConfiguration;
			buildSettings = {
				ALWAYS_SEARCH_USER_PATHS = NO;
				CLANG_ANALYZER_NONNULL = YES;
				CLANG_ANALYZER_NUMBER_OBJECT_CONVERSION = YES_AGGRESSIVE;
				CLANG_CXX_LANGUAGE_STANDARD = "gnu++20";
				CLANG_ENABLE_MODULES = YES;
				CLANG_ENABLE_OBJC_ARC = YES;
				CLANG_ENABLE_OBJC_WEAK = YES;
				CLANG_WARN_BLOCK_CAPTURE_AUTORELEASING = YES;
				CLANG_WARN_BOOL_CONVERSION = YES;
				CLANG_WARN_COMMA = YES;
				CLANG_WARN_CONSTANT_CONVERSION = YES;
				CLANG_WARN_DEPRECATED_OBJC_IMPLEMENTATIONS = YES;
				CLANG_WARN_DIRECT_OBJC_ISA_USAGE = YES_ERROR;
				CLANG_WARN_DOCUMENTATION_COMMENTS = YES;
				CLANG_WARN_EMPTY_BODY = YES;
				CLANG_WARN_ENUM_CONVERSION = YES;
				CLANG_WARN_INFINITE_RECURSION = YES;
				CLANG_WARN_INT_CONVERSION = YES;
				CLANG_WARN_NON_LITERAL_NULL_CONVERSION = YES;
				CLANG_WARN_OBJC_IMPLICIT_RETAIN_SELF = YES;
				CLANG_WARN_OBJC_LITERAL_CONVERSION = YES;
				CLANG_WARN_OBJC_ROOT_CLASS = YES_ERROR;
				CLANG_WARN_QUOTED_INCLUDE_IN_FRAMEWORK_HEADER = YES;
				CLANG_WARN_RANGE_LOOP_ANALYSIS = YES;
				CLANG_WARN_STRICT_PROTOTYPES = YES;
				CLANG_WARN_SUSPICIOUS_MOVE = YES;
				CLANG_WARN_UNGUARDED_AVAILABILITY = YES_AGGRESSIVE;
				CLANG_WARN_UNREACHABLE_CODE = YES;
				CLANG_WARN__DUPLICATE_METHOD_MATCH = YES;
				COPY_PHASE_STRIP = NO;
				DEBUG_INFORMATION_FORMAT = dwarf;
				ENABLE_STRICT_OBJC_MSGSEND = YES;
				ENABLE_TESTABILITY = YES;
				GCC_C_LANGUAGE_STANDARD = gnu11;
				GCC_DYNAMIC_NO_PIC = NO;
				GCC_NO_COMMON_BLOCKS = YES;
				GCC_OPTIMIZATION_LEVEL = 0;
				GCC_PREPROCESSOR_DEFINITIONS = (
					"DEBUG=1",
					"$(inherited)",
				);
				GCC_WARN_64_TO_32_BIT_CONVERSION = YES;
				GCC_WARN_ABOUT_RETURN_TYPE = YES_ERROR;
				GCC_WARN_UNDECLARED_SELECTOR = YES;
				GCC_WARN_UNINITIALIZED_AUTOS = YES_AGGRESSIVE;
				GCC_WARN_UNUSED_FUNCTION = YES;
				GCC_WARN_UNUSED_VARIABLE = YES;
				IPHONEOS_DEPLOYMENT_TARGET = 16.2;
				MTL_ENABLE_DEBUG_INFO = INCLUDE_SOURCE;
				MTL_FAST_MATH = YES;
				ONLY_ACTIVE_ARCH = YES;
				SDKROOT = iphoneos;
				SWIFT_ACTIVE_COMPILATION_CONDITIONS = DEBUG;
				SWIFT_OPTIMIZATION_LEVEL = "-Onone";
			};
			name = Debug;
		};
		FA1C65C12C2B436D0096350E /* Release */ = {
			isa = XCBuildConfiguration;
			buildSettings = {
				ALWAYS_SEARCH_USER_PATHS = NO;
				CLANG_ANALYZER_NONNULL = YES;
				CLANG_ANALYZER_NUMBER_OBJECT_CONVERSION = YES_AGGRESSIVE;
				CLANG_CXX_LANGUAGE_STANDARD = "gnu++20";
				CLANG_ENABLE_MODULES = YES;
				CLANG_ENABLE_OBJC_ARC = YES;
				CLANG_ENABLE_OBJC_WEAK = YES;
				CLANG_WARN_BLOCK_CAPTURE_AUTORELEASING = YES;
				CLANG_WARN_BOOL_CONVERSION = YES;
				CLANG_WARN_COMMA = YES;
				CLANG_WARN_CONSTANT_CONVERSION = YES;
				CLANG_WARN_DEPRECATED_OBJC_IMPLEMENTATIONS = YES;
				CLANG_WARN_DIRECT_OBJC_ISA_USAGE = YES_ERROR;
				CLANG_WARN_DOCUMENTATION_COMMENTS = YES;
				CLANG_WARN_EMPTY_BODY = YES;
				CLANG_WARN_ENUM_CONVERSION = YES;
				CLANG_WARN_INFINITE_RECURSION = YES;
				CLANG_WARN_INT_CONVERSION = YES;
				CLANG_WARN_NON_LITERAL_NULL_CONVERSION = YES;
				CLANG_WARN_OBJC_IMPLICIT_RETAIN_SELF = YES;
				CLANG_WARN_OBJC_LITERAL_CONVERSION = YES;
				CLANG_WARN_OBJC_ROOT_CLASS = YES_ERROR;
				CLANG_WARN_QUOTED_INCLUDE_IN_FRAMEWORK_HEADER = YES;
				CLANG_WARN_RANGE_LOOP_ANALYSIS = YES;
				CLANG_WARN_STRICT_PROTOTYPES = YES;
				CLANG_WARN_SUSPICIOUS_MOVE = YES;
				CLANG_WARN_UNGUARDED_AVAILABILITY = YES_AGGRESSIVE;
				CLANG_WARN_UNREACHABLE_CODE = YES;
				CLANG_WARN__DUPLICATE_METHOD_MATCH = YES;
				COPY_PHASE_STRIP = NO;
				DEBUG_INFORMATION_FORMAT = "dwarf-with-dsym";
				ENABLE_NS_ASSERTIONS = NO;
				ENABLE_STRICT_OBJC_MSGSEND = YES;
				GCC_C_LANGUAGE_STANDARD = gnu11;
				GCC_NO_COMMON_BLOCKS = YES;
				GCC_WARN_64_TO_32_BIT_CONVERSION = YES;
				GCC_WARN_ABOUT_RETURN_TYPE = YES_ERROR;
				GCC_WARN_UNDECLARED_SELECTOR = YES;
				GCC_WARN_UNINITIALIZED_AUTOS = YES_AGGRESSIVE;
				GCC_WARN_UNUSED_FUNCTION = YES;
				GCC_WARN_UNUSED_VARIABLE = YES;
				IPHONEOS_DEPLOYMENT_TARGET = 16.2;
				MTL_ENABLE_DEBUG_INFO = NO;
				MTL_FAST_MATH = YES;
				SDKROOT = iphoneos;
				SWIFT_COMPILATION_MODE = wholemodule;
				SWIFT_OPTIMIZATION_LEVEL = "-O";
				VALIDATE_PRODUCT = YES;
			};
			name = Release;
		};
		FA1C65C32C2B436D0096350E /* Debug */ = {
			isa = XCBuildConfiguration;
			buildSettings = {
				ASSETCATALOG_COMPILER_APPICON_NAME = AppIcon;
				ASSETCATALOG_COMPILER_GLOBAL_ACCENT_COLOR_NAME = AccentColor;
				CODE_SIGN_STYLE = Automatic;
				CURRENT_PROJECT_VERSION = 1;
				DEVELOPMENT_ASSET_PATHS = "\"CoolAnimationsSwiftUI/Preview Content\"";
				DEVELOPMENT_TEAM = 69CU444UTA;
				ENABLE_PREVIEWS = YES;
				GENERATE_INFOPLIST_FILE = YES;
				INFOPLIST_KEY_UIApplicationSceneManifest_Generation = YES;
				INFOPLIST_KEY_UIApplicationSupportsIndirectInputEvents = YES;
				INFOPLIST_KEY_UILaunchScreen_Generation = YES;
				INFOPLIST_KEY_UISupportedInterfaceOrientations_iPad = "UIInterfaceOrientationPortrait UIInterfaceOrientationPortraitUpsideDown UIInterfaceOrientationLandscapeLeft UIInterfaceOrientationLandscapeRight";
				INFOPLIST_KEY_UISupportedInterfaceOrientations_iPhone = "UIInterfaceOrientationPortrait UIInterfaceOrientationLandscapeLeft UIInterfaceOrientationLandscapeRight";
				LD_RUNPATH_SEARCH_PATHS = (
					"$(inherited)",
					"@executable_path/Frameworks",
				);
				MARKETING_VERSION = 1.0;
				PRODUCT_BUNDLE_IDENTIFIER = com.CoolAnimations;
				PRODUCT_NAME = "$(TARGET_NAME)";
				SWIFT_EMIT_LOC_STRINGS = YES;
				SWIFT_VERSION = 5.0;
				TARGETED_DEVICE_FAMILY = "1,2";
			};
			name = Debug;
		};
		FA1C65C42C2B436D0096350E /* Release */ = {
			isa = XCBuildConfiguration;
			buildSettings = {
				ASSETCATALOG_COMPILER_APPICON_NAME = AppIcon;
				ASSETCATALOG_COMPILER_GLOBAL_ACCENT_COLOR_NAME = AccentColor;
				CODE_SIGN_STYLE = Automatic;
				CURRENT_PROJECT_VERSION = 1;
				DEVELOPMENT_ASSET_PATHS = "\"CoolAnimationsSwiftUI/Preview Content\"";
				DEVELOPMENT_TEAM = 69CU444UTA;
				ENABLE_PREVIEWS = YES;
				GENERATE_INFOPLIST_FILE = YES;
				INFOPLIST_KEY_UIApplicationSceneManifest_Generation = YES;
				INFOPLIST_KEY_UIApplicationSupportsIndirectInputEvents = YES;
				INFOPLIST_KEY_UILaunchScreen_Generation = YES;
				INFOPLIST_KEY_UISupportedInterfaceOrientations_iPad = "UIInterfaceOrientationPortrait UIInterfaceOrientationPortraitUpsideDown UIInterfaceOrientationLandscapeLeft UIInterfaceOrientationLandscapeRight";
				INFOPLIST_KEY_UISupportedInterfaceOrientations_iPhone = "UIInterfaceOrientationPortrait UIInterfaceOrientationLandscapeLeft UIInterfaceOrientationLandscapeRight";
				LD_RUNPATH_SEARCH_PATHS = (
					"$(inherited)",
					"@executable_path/Frameworks",
				);
				MARKETING_VERSION = 1.0;
				PRODUCT_BUNDLE_IDENTIFIER = com.CoolAnimations;
				PRODUCT_NAME = "$(TARGET_NAME)";
				SWIFT_EMIT_LOC_STRINGS = YES;
				SWIFT_VERSION = 5.0;
				TARGETED_DEVICE_FAMILY = "1,2";
			};
			name = Release;
		};
/* End XCBuildConfiguration section */

/* Begin XCConfigurationList section */
		FA1C65AF2C2B436A0096350E /* Build configuration list for PBXProject "CoolAnimationsSwiftUI" */ = {
			isa = XCConfigurationList;
			buildConfigurations = (
				FA1C65C02C2B436D0096350E /* Debug */,
				FA1C65C12C2B436D0096350E /* Release */,
			);
			defaultConfigurationIsVisible = 0;
			defaultConfigurationName = Release;
		};
		FA1C65C22C2B436D0096350E /* Build configuration list for PBXNativeTarget "CoolAnimationsSwiftUI" */ = {
			isa = XCConfigurationList;
			buildConfigurations = (
				FA1C65C32C2B436D0096350E /* Debug */,
				FA1C65C42C2B436D0096350E /* Release */,
			);
			defaultConfigurationIsVisible = 0;
			defaultConfigurationName = Release;
		};
/* End XCConfigurationList section */
	};
	rootObject = FA1C65AC2C2B436A0096350E /* Project object */;
}
